
Microsoft Visual Studio Solution File, Format Version 12.00
# Visual Studio Version 17
VisualStudioVersion = 17.4.33213.308
MinimumVisualStudioVersion = 10.0.40219.1
Project("{FAE04EC0-301F-11D3-BF4B-00C04F79EFBC}") = "Tarea-2", "Tarea-2\Tarea-2.csproj", "{5F37B5C1-279B-485B-B326-B24C55FB6995}"
EndProject
Global
	GlobalSection(SolutionConfigurationPlatforms) = preSolution
		Debug|Any CPU = Debug|Any CPU
		Release|Any CPU = Release|Any CPU
	EndGlobalSection
	GlobalSection(ProjectConfigurationPlatforms) = postSolution
		{5F37B5C1-279B-485B-B326-B24C55FB6995}.Debug|Any CPU.ActiveCfg = Debug|Any CPU
		{5F37B5C1-279B-485B-B326-B24C55FB6995}.Debug|Any CPU.Build.0 = Debug|Any CPU
		{5F37B5C1-279B-485B-B326-B24C55FB6995}.Release|Any CPU.ActiveCfg = Release|Any CPU
		{5F37B5C1-279B-485B-B326-B24C55FB6995}.Release|Any CPU.Build.0 = Release|Any CPU
	EndGlobalSection
	GlobalSection(SolutionProperties) = preSolution
		HideSolutionNode = FALSE
	EndGlobalSection
	GlobalSection(ExtensibilityGlobals) = postSolution
		SolutionGuid = {F3158347-DDEB-44E5-B8A1-F426B33A547D}
	EndGlobalSection
EndGlobal
